
Microsoft Visual Studio Solution File, Format Version 12.00
# Visual Studio Version 17
VisualStudioVersion = 17.14.36518.9 d17.14
MinimumVisualStudioVersion = 10.0.40219.1
Project("{FAE04EC0-301F-11D3-BF4B-00C04F79EFBC}") = "GlideRail", "GlideRail.csproj", "{15285F6A-86E2-428A-8F2D-DE6EC8BCD136}"
EndProject
Global
	GlobalSection(SolutionConfigurationPlatforms) = preSolution
		Debug|Any CPU = Debug|Any CPU
		Release|Any CPU = Release|Any CPU
	EndGlobalSection
	GlobalSection(ProjectConfigurationPlatforms) = postSolution
		{15285F6A-86E2-428A-8F2D-DE6EC8BCD136}.Debug|Any CPU.ActiveCfg = Debug|Any CPU
		{15285F6A-86E2-428A-8F2D-DE6EC8BCD136}.Debug|Any CPU.Build.0 = Debug|Any CPU
		{15285F6A-86E2-428A-8F2D-DE6EC8BCD136}.Release|Any CPU.ActiveCfg = Release|Any CPU
		{15285F6A-86E2-428A-8F2D-DE6EC8BCD136}.Release|Any CPU.Build.0 = Release|Any CPU
	EndGlobalSection
	GlobalSection(SolutionProperties) = preSolution
		HideSolutionNode = FALSE
	EndGlobalSection
	GlobalSection(ExtensibilityGlobals) = postSolution
		SolutionGuid = {58A4C7F1-6C13-4A00-8D92-D8CF11115405}
	EndGlobalSection
EndGlobal
